
Microsoft Visual Studio Solution File, Format Version 12.00
# Visual Studio Version 17
VisualStudioVersion = 17.5.33530.505
MinimumVisualStudioVersion = 10.0.40219.1
Project("{FAE04EC0-301F-11D3-BF4B-00C04F79EFBC}") = "ShoppingCart", "ShoppingCart\ShoppingCart.csproj", "{31B0578E-AA91-4ED8-9CFC-6D92FF75DD0C}"
EndProject
Global
	GlobalSection(SolutionConfigurationPlatforms) = preSolution
		Debug|Any CPU = Debug|Any CPU
		Release|Any CPU = Release|Any CPU
	EndGlobalSection
	GlobalSection(ProjectConfigurationPlatforms) = postSolution
		{31B0578E-AA91-4ED8-9CFC-6D92FF75DD0C}.Debug|Any CPU.ActiveCfg = Debug|Any CPU
		{31B0578E-AA91-4ED8-9CFC-6D92FF75DD0C}.Debug|Any CPU.Build.0 = Debug|Any CPU
		{31B0578E-AA91-4ED8-9CFC-6D92FF75DD0C}.Release|Any CPU.ActiveCfg = Release|Any CPU
		{31B0578E-AA91-4ED8-9CFC-6D92FF75DD0C}.Release|Any CPU.Build.0 = Release|Any CPU
	EndGlobalSection
	GlobalSection(SolutionProperties) = preSolution
		HideSolutionNode = FALSE
	EndGlobalSection
	GlobalSection(ExtensibilityGlobals) = postSolution
		SolutionGuid = {FC2008A5-2B0A-40B0-80CC-36ECEED61A4B}
	EndGlobalSection
EndGlobal
